// !$*UTF8*$!
{
	archiveVersion = 1;
	classes = {
	};
	objectVersion = 50;
	objects = {

/* Begin PBXBuildFile section */
		D902B3A320CAC6FB00A8144D /* AppDelegate.swift in Sources */ = {isa = PBXBuildFile; fileRef = D902B3A220CAC6FB00A8144D /* AppDelegate.swift */; };
		D902B3A520CAC6FB00A8144D /* DocumentBrowserViewController.swift in Sources */ = {isa = PBXBuildFile; fileRef = D902B3A420CAC6FB00A8144D /* DocumentBrowserViewController.swift */; };
		D902B3A920CAC6FB00A8144D /* EmojiArtDocument.swift in Sources */ = {isa = PBXBuildFile; fileRef = D902B3A820CAC6FB00A8144D /* EmojiArtDocument.swift */; };
		D902B3AC20CAC6FB00A8144D /* Main.storyboard in Resources */ = {isa = PBXBuildFile; fileRef = D902B3AA20CAC6FB00A8144D /* Main.storyboard */; };
		D902B3AE20CAC6FC00A8144D /* Assets.xcassets in Resources */ = {isa = PBXBuildFile; fileRef = D902B3AD20CAC6FC00A8144D /* Assets.xcassets */; };
		D902B3B120CAC6FC00A8144D /* LaunchScreen.storyboard in Resources */ = {isa = PBXBuildFile; fileRef = D902B3AF20CAC6FC00A8144D /* LaunchScreen.storyboard */; };
		D902B3BF20CAC90F00A8144D /* EmojiArtView+Gestures.swift in Sources */ = {isa = PBXBuildFile; fileRef = D902B3B820CAC90E00A8144D /* EmojiArtView+Gestures.swift */; };
		D902B3C020CAC90F00A8144D /* EmojiArt.swift in Sources */ = {isa = PBXBuildFile; fileRef = D902B3B920CAC90E00A8144D /* EmojiArt.swift */; };
		D902B3C120CAC90F00A8144D /* TextFieldCollectionViewCell.swift in Sources */ = {isa = PBXBuildFile; fileRef = D902B3BA20CAC90E00A8144D /* TextFieldCollectionViewCell.swift */; };
		D902B3C220CAC90F00A8144D /* EmojiCollectionViewCell.swift in Sources */ = {isa = PBXBuildFile; fileRef = D902B3BB20CAC90F00A8144D /* EmojiCollectionViewCell.swift */; };
		D902B3C320CAC90F00A8144D /* Utilities.swift in Sources */ = {isa = PBXBuildFile; fileRef = D902B3BC20CAC90F00A8144D /* Utilities.swift */; };
		D902B3C420CAC90F00A8144D /* EmojiArtView.swift in Sources */ = {isa = PBXBuildFile; fileRef = D902B3BD20CAC90F00A8144D /* EmojiArtView.swift */; };
		D902B3C520CAC90F00A8144D /* EmojiArtViewController.swift in Sources */ = {isa = PBXBuildFile; fileRef = D902B3BE20CAC90F00A8144D /* EmojiArtViewController.swift */; };
		D902B3C820CADA4D00A8144D /* Info.plist in Resources */ = {isa = PBXBuildFile; fileRef = D902B3C720CADA4D00A8144D /* Info.plist */; };
		D9EAEBCD20CB6F2C0028F0F0 /* DocumentInfoViewController.swift in Sources */ = {isa = PBXBuildFile; fileRef = D9EAEBCC20CB6F2C0028F0F0 /* DocumentInfoViewController.swift */; };
/* End PBXBuildFile section */

/* Begin PBXFileReference section */
		D902B39F20CAC6FB00A8144D /* EmojiArtPersist.app */ = {isa = PBXFileReference; explicitFileType = wrapper.application; includeInIndex = 0; path = EmojiArtPersist.app; sourceTree = BUILT_PRODUCTS_DIR; };
		D902B3A220CAC6FB00A8144D /* AppDelegate.swift */ = {isa = PBXFileReference; lastKnownFileType = sourcecode.swift; path = AppDelegate.swift; sourceTree = "<group>"; };
		D902B3A420CAC6FB00A8144D /* DocumentBrowserViewController.swift */ = {isa = PBXFileReference; lastKnownFileType = sourcecode.swift; path = DocumentBrowserViewController.swift; sourceTree = "<group>"; };
		D902B3A820CAC6FB00A8144D /* EmojiArtDocument.swift */ = {isa = PBXFileReference; lastKnownFileType = sourcecode.swift; path = EmojiArtDocument.swift; sourceTree = "<group>"; };
		D902B3AB20CAC6FB00A8144D /* Base */ = {isa = PBXFileReference; lastKnownFileType = file.storyboard; name = Base; path = Base.lproj/Main.storyboard; sourceTree = "<group>"; };
		D902B3AD20CAC6FC00A8144D /* Assets.xcassets */ = {isa = PBXFileReference; lastKnownFileType = folder.assetcatalog; path = Assets.xcassets; sourceTree = "<group>"; };
		D902B3B020CAC6FC00A8144D /* Base */ = {isa = PBXFileReference; lastKnownFileType = file.storyboard; name = Base; path = Base.lproj/LaunchScreen.storyboard; sourceTree = "<group>"; };
		D902B3B820CAC90E00A8144D /* EmojiArtView+Gestures.swift */ = {isa = PBXFileReference; fileEncoding = 4; lastKnownFileType = sourcecode.swift; name = "EmojiArtView+Gestures.swift"; path = "../../EmojiArtL12/EmojiArt/Suppoeting Files/EmojiArtView+Gestures.swift"; sourceTree = "<group>"; };
		D902B3B920CAC90E00A8144D /* EmojiArt.swift */ = {isa = PBXFileReference; fileEncoding = 4; lastKnownFileType = sourcecode.swift; name = EmojiArt.swift; path = ../../EmojiArtL12/EmojiArt/EmojiArt.swift; sourceTree = "<group>"; };
		D902B3BA20CAC90E00A8144D /* TextFieldCollectionViewCell.swift */ = {isa = PBXFileReference; fileEncoding = 4; lastKnownFileType = sourcecode.swift; name = TextFieldCollectionViewCell.swift; path = ../../EmojiArtL12/EmojiArt/TextFieldCollectionViewCell.swift; sourceTree = "<group>"; };
		D902B3BB20CAC90F00A8144D /* EmojiCollectionViewCell.swift */ = {isa = PBXFileReference; fileEncoding = 4; lastKnownFileType = sourcecode.swift; name = EmojiCollectionViewCell.swift; path = ../../EmojiArtL12/EmojiArt/EmojiCollectionViewCell.swift; sourceTree = "<group>"; };
		D902B3BC20CAC90F00A8144D /* Utilities.swift */ = {isa = PBXFileReference; fileEncoding = 4; lastKnownFileType = sourcecode.swift; name = Utilities.swift; path = "../../EmojiArtL12/EmojiArt/Suppoeting Files/Utilities.swift"; sourceTree = "<group>"; };
		D902B3BD20CAC90F00A8144D /* EmojiArtView.swift */ = {isa = PBXFileReference; fileEncoding = 4; lastKnownFileType = sourcecode.swift; name = EmojiArtView.swift; path = ../../EmojiArtL12/EmojiArt/EmojiArtView.swift; sourceTree = "<group>"; };
		D902B3BE20CAC90F00A8144D /* EmojiArtViewController.swift */ = {isa = PBXFileReference; fileEncoding = 4; lastKnownFileType = sourcecode.swift; name = EmojiArtViewController.swift; path = ../../EmojiArtL12/EmojiArt/EmojiArtViewController.swift; sourceTree = "<group>"; };
		D902B3C720CADA4D00A8144D /* Info.plist */ = {isa = PBXFileReference; fileEncoding = 4; lastKnownFileType = text.plist.xml; name = Info.plist; path = ../EmojiArtL12/EmojiArt/Info.plist; sourceTree = "<group>"; };
		D9EAEBCC20CB6F2C0028F0F0 /* DocumentInfoViewController.swift */ = {isa = PBXFileReference; lastKnownFileType = sourcecode.swift; path = DocumentInfoViewController.swift; sourceTree = "<group>"; };
/* End PBXFileReference section */

/* Begin PBXFrameworksBuildPhase section */
		D902B39C20CAC6FB00A8144D /* Frameworks */ = {
			isa = PBXFrameworksBuildPhase;
			buildActionMask = 2147483647;
			files = (
			);
			runOnlyForDeploymentPostprocessing = 0;
		};
/* End PBXFrameworksBuildPhase section */

/* Begin PBXGroup section */
		D902B39620CAC6FB00A8144D = {
			isa = PBXGroup;
			children = (
				D902B3A120CAC6FB00A8144D /* EmojiArtPersist */,
				D902B3C720CADA4D00A8144D /* Info.plist */,
				D902B3A020CAC6FB00A8144D /* Products */,
			);
			sourceTree = "<group>";
		};
		D902B3A020CAC6FB00A8144D /* Products */ = {
			isa = PBXGroup;
			children = (
				D902B39F20CAC6FB00A8144D /* EmojiArtPersist.app */,
			);
			name = Products;
			sourceTree = "<group>";
		};
		D902B3A120CAC6FB00A8144D /* EmojiArtPersist */ = {
			isa = PBXGroup;
			children = (
				D902B3A420CAC6FB00A8144D /* DocumentBrowserViewController.swift */,
				D902B3A820CAC6FB00A8144D /* EmojiArtDocument.swift */,
				D902B3B920CAC90E00A8144D /* EmojiArt.swift */,
				D902B3BD20CAC90F00A8144D /* EmojiArtView.swift */,
				D902B3B820CAC90E00A8144D /* EmojiArtView+Gestures.swift */,
				D902B3BE20CAC90F00A8144D /* EmojiArtViewController.swift */,
				D902B3BB20CAC90F00A8144D /* EmojiCollectionViewCell.swift */,
				D902B3BA20CAC90E00A8144D /* TextFieldCollectionViewCell.swift */,
				D902B3BC20CAC90F00A8144D /* Utilities.swift */,
				D902B3AA20CAC6FB00A8144D /* Main.storyboard */,
				D9EAEBCC20CB6F2C0028F0F0 /* DocumentInfoViewController.swift */,
				D902B3C620CACA1B00A8144D /* Supporting Files */,
			);
			path = EmojiArtPersist;
			sourceTree = "<group>";
		};
		D902B3C620CACA1B00A8144D /* Supporting Files */ = {
			isa = PBXGroup;
			children = (
				D902B3A220CAC6FB00A8144D /* AppDelegate.swift */,
				D902B3AD20CAC6FC00A8144D /* Assets.xcassets */,
				D902B3AF20CAC6FC00A8144D /* LaunchScreen.storyboard */,
			);
			path = "Supporting Files";
			sourceTree = "<group>";
		};
/* End PBXGroup section */

/* Begin PBXNativeTarget section */
		D902B39E20CAC6FB00A8144D /* EmojiArtPersist */ = {
			isa = PBXNativeTarget;
			buildConfigurationList = D902B3B520CAC6FC00A8144D /* Build configuration list for PBXNativeTarget "EmojiArtPersist" */;
			buildPhases = (
				D902B39B20CAC6FB00A8144D /* Sources */,
				D902B39C20CAC6FB00A8144D /* Frameworks */,
				D902B39D20CAC6FB00A8144D /* Resources */,
			);
			buildRules = (
			);
			dependencies = (
			);
			name = EmojiArtPersist;
			productName = EmojiArtPersist;
			productReference = D902B39F20CAC6FB00A8144D /* EmojiArtPersist.app */;
			productType = "com.apple.product-type.application";
		};
/* End PBXNativeTarget section */

/* Begin PBXProject section */
		D902B39720CAC6FB00A8144D /* Project object */ = {
			isa = PBXProject;
			attributes = {
				LastSwiftUpdateCheck = 0930;
				LastUpgradeCheck = 0930;
				ORGANIZATIONNAME = "Yuske Fukuyama";
				TargetAttributes = {
					D902B39E20CAC6FB00A8144D = {
						CreatedOnToolsVersion = 9.3;
					};
				};
			};
			buildConfigurationList = D902B39A20CAC6FB00A8144D /* Build configuration list for PBXProject "EmojiArtPersist" */;
			compatibilityVersion = "Xcode 9.3";
			developmentRegion = en;
			hasScannedForEncodings = 0;
			knownRegions = (
				en,
				Base,
			);
			mainGroup = D902B39620CAC6FB00A8144D;
			productRefGroup = D902B3A020CAC6FB00A8144D /* Products */;
			projectDirPath = "";
			projectRoot = "";
			targets = (
				D902B39E20CAC6FB00A8144D /* EmojiArtPersist */,
			);
		};
/* End PBXProject section */

/* Begin PBXResourcesBuildPhase section */
		D902B39D20CAC6FB00A8144D /* Resources */ = {
			isa = PBXResourcesBuildPhase;
			buildActionMask = 2147483647;
			files = (
				D902B3C820CADA4D00A8144D /* Info.plist in Resources */,
				D902B3B120CAC6FC00A8144D /* LaunchScreen.storyboard in Resources */,
				D902B3AE20CAC6FC00A8144D /* Assets.xcassets in Resources */,
				D902B3AC20CAC6FB00A8144D /* Main.storyboard in Resources */,
			);
			runOnlyForDeploymentPostprocessing = 0;
		};
/* End PBXResourcesBuildPhase section */

/* Begin PBXSourcesBuildPhase section */
		D902B39B20CAC6FB00A8144D /* Sources */ = {
			isa = PBXSourcesBuildPhase;
			buildActionMask = 2147483647;
			files = (
				D9EAEBCD20CB6F2C0028F0F0 /* DocumentInfoViewController.swift in Sources */,
				D902B3C220CAC90F00A8144D /* EmojiCollectionViewCell.swift in Sources */,
				D902B3C520CAC90F00A8144D /* EmojiArtViewController.swift in Sources */,
				D902B3C120CAC90F00A8144D /* TextFieldCollectionViewCell.swift in Sources */,
				D902B3A920CAC6FB00A8144D /* EmojiArtDocument.swift in Sources */,
				D902B3BF20CAC90F00A8144D /* EmojiArtView+Gestures.swift in Sources */,
				D902B3C020CAC90F00A8144D /* EmojiArt.swift in Sources */,
				D902B3A520CAC6FB00A8144D /* DocumentBrowserViewController.swift in Sources */,
				D902B3C320CAC90F00A8144D /* Utilities.swift in Sources */,
				D902B3A320CAC6FB00A8144D /* AppDelegate.swift in Sources */,
				D902B3C420CAC90F00A8144D /* EmojiArtView.swift in Sources */,
			);
			runOnlyForDeploymentPostprocessing = 0;
		};
/* End PBXSourcesBuildPhase section */

/* Begin PBXVariantGroup section */
		D902B3AA20CAC6FB00A8144D /* Main.storyboard */ = {
			isa = PBXVariantGroup;
			children = (
				D902B3AB20CAC6FB00A8144D /* Base */,
			);
			name = Main.storyboard;
			sourceTree = "<group>";
		};
		D902B3AF20CAC6FC00A8144D /* LaunchScreen.storyboard */ = {
			isa = PBXVariantGroup;
			children = (
				D902B3B020CAC6FC00A8144D /* Base */,
			);
			name = LaunchScreen.storyboard;
			sourceTree = "<group>";
		};
/* End PBXVariantGroup section */

/* Begin XCBuildConfiguration section */
		D902B3B320CAC6FC00A8144D /* Debug */ = {
			isa = XCBuildConfiguration;
			buildSettings = {
				ALWAYS_SEARCH_USER_PATHS = NO;
				CLANG_ANALYZER_NONNULL = YES;
				CLANG_ANALYZER_NUMBER_OBJECT_CONVERSION = YES_AGGRESSIVE;
				CLANG_CXX_LANGUAGE_STANDARD = "gnu++14";
				CLANG_CXX_LIBRARY = "libc++";
				CLANG_ENABLE_MODULES = YES;
				CLANG_ENABLE_OBJC_ARC = YES;
				CLANG_ENABLE_OBJC_WEAK = YES;
				CLANG_WARN_BLOCK_CAPTURE_AUTORELEASING = YES;
				CLANG_WARN_BOOL_CONVERSION = YES;
				CLANG_WARN_COMMA = YES;
				CLANG_WARN_CONSTANT_CONVERSION = YES;
				CLANG_WARN_DEPRECATED_OBJC_IMPLEMENTATIONS = YES;
				CLANG_WARN_DIRECT_OBJC_ISA_USAGE = YES_ERROR;
				CLANG_WARN_DOCUMENTATION_COMMENTS = YES;
				CLANG_WARN_EMPTY_BODY = YES;
				CLANG_WARN_ENUM_CONVERSION = YES;
				CLANG_WARN_INFINITE_RECURSION = YES;
				CLANG_WARN_INT_CONVERSION = YES;
				CLANG_WARN_NON_LITERAL_NULL_CONVERSION = YES;
				CLANG_WARN_OBJC_IMPLICIT_RETAIN_SELF = YES;
				CLANG_WARN_OBJC_LITERAL_CONVERSION = YES;
				CLANG_WARN_OBJC_ROOT_CLASS = YES_ERROR;
				CLANG_WARN_RANGE_LOOP_ANALYSIS = YES;
				CLANG_WARN_STRICT_PROTOTYPES = YES;
				CLANG_WARN_SUSPICIOUS_MOVE = YES;
				CLANG_WARN_UNGUARDED_AVAILABILITY = YES_AGGRESSIVE;
				CLANG_WARN_UNREACHABLE_CODE = YES;
				CLANG_WARN__DUPLICATE_METHOD_MATCH = YES;
				CODE_SIGN_IDENTITY = "iPhone Developer";
				COPY_PHASE_STRIP = NO;
				DEBUG_INFORMATION_FORMAT = dwarf;
				ENABLE_STRICT_OBJC_MSGSEND = YES;
				ENABLE_TESTABILITY = YES;
				GCC_C_LANGUAGE_STANDARD = gnu11;
				GCC_DYNAMIC_NO_PIC = NO;
				GCC_NO_COMMON_BLOCKS = YES;
				GCC_OPTIMIZATION_LEVEL = 0;
				GCC_PREPROCESSOR_DEFINITIONS = (
					"DEBUG=1",
					"$(inherited)",
				);
				GCC_WARN_64_TO_32_BIT_CONVERSION = YES;
				GCC_WARN_ABOUT_RETURN_TYPE = YES_ERROR;
				GCC_WARN_UNDECLARED_SELECTOR = YES;
				GCC_WARN_UNINITIALIZED_AUTOS = YES_AGGRESSIVE;
				GCC_WARN_UNUSED_FUNCTION = YES;
				GCC_WARN_UNUSED_VARIABLE = YES;
				IPHONEOS_DEPLOYMENT_TARGET = 11.3;
				MTL_ENABLE_DEBUG_INFO = YES;
				ONLY_ACTIVE_ARCH = YES;
				SDKROOT = iphoneos;
				SWIFT_ACTIVE_COMPILATION_CONDITIONS = DEBUG;
				SWIFT_OPTIMIZATION_LEVEL = "-Onone";
			};
			name = Debug;
		};
		D902B3B420CAC6FC00A8144D /* Release */ = {
			isa = XCBuildConfiguration;
			buildSettings = {
				ALWAYS_SEARCH_USER_PATHS = NO;
				CLANG_ANALYZER_NONNULL = YES;
				CLANG_ANALYZER_NUMBER_OBJECT_CONVERSION = YES_AGGRESSIVE;
				CLANG_CXX_LANGUAGE_STANDARD = "gnu++14";
				CLANG_CXX_LIBRARY = "libc++";
				CLANG_ENABLE_MODULES = YES;
				CLANG_ENABLE_OBJC_ARC = YES;
				CLANG_ENABLE_OBJC_WEAK = YES;
				CLANG_WARN_BLOCK_CAPTURE_AUTORELEASING = YES;
				CLANG_WARN_BOOL_CONVERSION = YES;
				CLANG_WARN_COMMA = YES;
				CLANG_WARN_CONSTANT_CONVERSION = YES;
				CLANG_WARN_DEPRECATED_OBJC_IMPLEMENTATIONS = YES;
				CLANG_WARN_DIRECT_OBJC_ISA_USAGE = YES_ERROR;
				CLANG_WARN_DOCUMENTATION_COMMENTS = YES;
				CLANG_WARN_EMPTY_BODY = YES;
				CLANG_WARN_ENUM_CONVERSION = YES;
				CLANG_WARN_INFINITE_RECURSION = YES;
				CLANG_WARN_INT_CONVERSION = YES;
				CLANG_WARN_NON_LITERAL_NULL_CONVERSION = YES;
				CLANG_WARN_OBJC_IMPLICIT_RETAIN_SELF = YES;
				CLANG_WARN_OBJC_LITERAL_CONVERSION = YES;
				CLANG_WARN_OBJC_ROOT_CLASS = YES_ERROR;
				CLANG_WARN_RANGE_LOOP_ANALYSIS = YES;
				CLANG_WARN_STRICT_PROTOTYPES = YES;
				CLANG_WARN_SUSPICIOUS_MOVE = YES;
				CLANG_WARN_UNGUARDED_AVAILABILITY = YES_AGGRESSIVE;
				CLANG_WARN_UNREACHABLE_CODE = YES;
				CLANG_WARN__DUPLICATE_METHOD_MATCH = YES;
				CODE_SIGN_IDENTITY = "iPhone Developer";
				COPY_PHASE_STRIP = NO;
				DEBUG_INFORMATION_FORMAT = "dwarf-with-dsym";
				ENABLE_NS_ASSERTIONS = NO;
				ENABLE_STRICT_OBJC_MSGSEND = YES;
				GCC_C_LANGUAGE_STANDARD = gnu11;
				GCC_NO_COMMON_BLOCKS = YES;
				GCC_WARN_64_TO_32_BIT_CONVERSION = YES;
				GCC_WARN_ABOUT_RETURN_TYPE = YES_ERROR;
				GCC_WARN_UNDECLARED_SELECTOR = YES;
				GCC_WARN_UNINITIALIZED_AUTOS = YES_AGGRESSIVE;
				GCC_WARN_UNUSED_FUNCTION = YES;
				GCC_WARN_UNUSED_VARIABLE = YES;
				IPHONEOS_DEPLOYMENT_TARGET = 11.3;
				MTL_ENABLE_DEBUG_INFO = NO;
				SDKROOT = iphoneos;
				SWIFT_COMPILATION_MODE = wholemodule;
				SWIFT_OPTIMIZATION_LEVEL = "-O";
				VALIDATE_PRODUCT = YES;
			};
			name = Release;
		};
		D902B3B620CAC6FC00A8144D /* Debug */ = {
			isa = XCBuildConfiguration;
			buildSettings = {
				ASSETCATALOG_COMPILER_APPICON_NAME = AppIcon;
				CODE_SIGN_STYLE = Automatic;
				INFOPLIST_FILE = "$(SRCROOT)/../EmojiArtL12/EmojiArt/Info.plist";
				LD_RUNPATH_SEARCH_PATHS = (
					"$(inherited)",
					"@executable_path/Frameworks",
				);
				PRODUCT_BUNDLE_IDENTIFIER = fkymy.EmojiArtPersist;
				PRODUCT_NAME = "$(TARGET_NAME)";
				SWIFT_VERSION = 4.0;
				TARGETED_DEVICE_FAMILY = "1,2";
			};
			name = Debug;
		};
		D902B3B720CAC6FC00A8144D /* Release */ = {
			isa = XCBuildConfiguration;
			buildSettings = {
				ASSETCATALOG_COMPILER_APPICON_NAME = AppIcon;
				CODE_SIGN_STYLE = Automatic;
				INFOPLIST_FILE = "$(SRCROOT)/../EmojiArtL12/EmojiArt/Info.plist";
				LD_RUNPATH_SEARCH_PATHS = (
					"$(inherited)",
					"@executable_path/Frameworks",
				);
				PRODUCT_BUNDLE_IDENTIFIER = fkymy.EmojiArtPersist;
				PRODUCT_NAME = "$(TARGET_NAME)";
				SWIFT_VERSION = 4.0;
				TARGETED_DEVICE_FAMILY = "1,2";
			};
			name = Release;
		};
/* End XCBuildConfiguration section */

/* Begin XCConfigurationList section */
		D902B39A20CAC6FB00A8144D /* Build configuration list for PBXProject "EmojiArtPersist" */ = {
			isa = XCConfigurationList;
			buildConfigurations = (
				D902B3B320CAC6FC00A8144D /* Debug */,
				D902B3B420CAC6FC00A8144D /* Release */,
			);
			defaultConfigurationIsVisible = 0;
			defaultConfigurationName = Release;
		};
		D902B3B520CAC6FC00A8144D /* Build configuration list for PBXNativeTarget "EmojiArtPersist" */ = {
			isa = XCConfigurationList;
			buildConfigurations = (
				D902B3B620CAC6FC00A8144D /* Debug */,
				D902B3B720CAC6FC00A8144D /* Release */,
			);
			defaultConfigurationIsVisible = 0;
			defaultConfigurationName = Release;
		};
/* End XCConfigurationList section */
	};
	rootObject = D902B39720CAC6FB00A8144D /* Project object */;
}
