// !$*UTF8*$!
{
	archiveVersion = 1;
	classes = {
	};
	objectVersion = 48;
	objects = {

/* Begin PBXBuildFile section */
		D966A8A820C854AA00006329 /* GalleryImageCollectionViewController.swift in Sources */ = {isa = PBXBuildFile; fileRef = D966A8A720C854AA00006329 /* GalleryImageCollectionViewController.swift */; };
		D987E115206CB8A0003DC8F3 /* AppDelegate.swift in Sources */ = {isa = PBXBuildFile; fileRef = D987E114206CB8A0003DC8F3 /* AppDelegate.swift */; };
		D987E11A206CB8A0003DC8F3 /* Main.storyboard in Resources */ = {isa = PBXBuildFile; fileRef = D987E118206CB8A0003DC8F3 /* Main.storyboard */; };
		D987E11C206CB8A0003DC8F3 /* Assets.xcassets in Resources */ = {isa = PBXBuildFile; fileRef = D987E11B206CB8A0003DC8F3 /* Assets.xcassets */; };
		D987E11F206CB8A0003DC8F3 /* LaunchScreen.storyboard in Resources */ = {isa = PBXBuildFile; fileRef = D987E11D206CB8A0003DC8F3 /* LaunchScreen.storyboard */; };
		D987E128206CC34C003DC8F3 /* Gallery.swift in Sources */ = {isa = PBXBuildFile; fileRef = D987E127206CC34C003DC8F3 /* Gallery.swift */; };
		D987E12A206CCE08003DC8F3 /* GalleryImageViewController.swift in Sources */ = {isa = PBXBuildFile; fileRef = D987E129206CCE08003DC8F3 /* GalleryImageViewController.swift */; };
		D987E12C206CCF69003DC8F3 /* Utilities.swift in Sources */ = {isa = PBXBuildFile; fileRef = D987E12B206CCF69003DC8F3 /* Utilities.swift */; };
		D987E130206CFB61003DC8F3 /* GalleryImageCollectionViewCell.swift in Sources */ = {isa = PBXBuildFile; fileRef = D987E12F206CFB61003DC8F3 /* GalleryImageCollectionViewCell.swift */; };
		D9CDA11920C8491E00E803DA /* GalleryDocumentTableViewController.swift in Sources */ = {isa = PBXBuildFile; fileRef = D9CDA11820C8491E00E803DA /* GalleryDocumentTableViewController.swift */; };
		D9F6EC9820B9F03600047ABD /* GalleryDocumentTableViewCell.swift in Sources */ = {isa = PBXBuildFile; fileRef = D9F6EC9720B9F03600047ABD /* GalleryDocumentTableViewCell.swift */; };
/* End PBXBuildFile section */

/* Begin PBXFileReference section */
		D966A8A720C854AA00006329 /* GalleryImageCollectionViewController.swift */ = {isa = PBXFileReference; lastKnownFileType = sourcecode.swift; path = GalleryImageCollectionViewController.swift; sourceTree = "<group>"; };
		D987E111206CB8A0003DC8F3 /* A5Gallery.app */ = {isa = PBXFileReference; explicitFileType = wrapper.application; includeInIndex = 0; path = A5Gallery.app; sourceTree = BUILT_PRODUCTS_DIR; };
		D987E114206CB8A0003DC8F3 /* AppDelegate.swift */ = {isa = PBXFileReference; lastKnownFileType = sourcecode.swift; path = AppDelegate.swift; sourceTree = "<group>"; };
		D987E119206CB8A0003DC8F3 /* Base */ = {isa = PBXFileReference; lastKnownFileType = file.storyboard; name = Base; path = Base.lproj/Main.storyboard; sourceTree = "<group>"; };
		D987E11B206CB8A0003DC8F3 /* Assets.xcassets */ = {isa = PBXFileReference; lastKnownFileType = folder.assetcatalog; path = Assets.xcassets; sourceTree = "<group>"; };
		D987E11E206CB8A0003DC8F3 /* Base */ = {isa = PBXFileReference; lastKnownFileType = file.storyboard; name = Base; path = Base.lproj/LaunchScreen.storyboard; sourceTree = "<group>"; };
		D987E120206CB8A0003DC8F3 /* Info.plist */ = {isa = PBXFileReference; lastKnownFileType = text.plist.xml; path = Info.plist; sourceTree = "<group>"; };
		D987E127206CC34C003DC8F3 /* Gallery.swift */ = {isa = PBXFileReference; lastKnownFileType = sourcecode.swift; path = Gallery.swift; sourceTree = "<group>"; };
		D987E129206CCE08003DC8F3 /* GalleryImageViewController.swift */ = {isa = PBXFileReference; lastKnownFileType = sourcecode.swift; path = GalleryImageViewController.swift; sourceTree = "<group>"; };
		D987E12B206CCF69003DC8F3 /* Utilities.swift */ = {isa = PBXFileReference; lastKnownFileType = sourcecode.swift; path = Utilities.swift; sourceTree = "<group>"; };
		D987E12F206CFB61003DC8F3 /* GalleryImageCollectionViewCell.swift */ = {isa = PBXFileReference; lastKnownFileType = sourcecode.swift; path = GalleryImageCollectionViewCell.swift; sourceTree = "<group>"; };
		D9CDA11820C8491E00E803DA /* GalleryDocumentTableViewController.swift */ = {isa = PBXFileReference; lastKnownFileType = sourcecode.swift; path = GalleryDocumentTableViewController.swift; sourceTree = "<group>"; };
		D9F6EC9720B9F03600047ABD /* GalleryDocumentTableViewCell.swift */ = {isa = PBXFileReference; lastKnownFileType = sourcecode.swift; path = GalleryDocumentTableViewCell.swift; sourceTree = "<group>"; };
/* End PBXFileReference section */

/* Begin PBXFrameworksBuildPhase section */
		D987E10E206CB8A0003DC8F3 /* Frameworks */ = {
			isa = PBXFrameworksBuildPhase;
			buildActionMask = 2147483647;
			files = (
			);
			runOnlyForDeploymentPostprocessing = 0;
		};
/* End PBXFrameworksBuildPhase section */

/* Begin PBXGroup section */
		D987E108206CB8A0003DC8F3 = {
			isa = PBXGroup;
			children = (
				D987E113206CB8A0003DC8F3 /* A5Gallery */,
				D987E112206CB8A0003DC8F3 /* Products */,
			);
			sourceTree = "<group>";
		};
		D987E112206CB8A0003DC8F3 /* Products */ = {
			isa = PBXGroup;
			children = (
				D987E111206CB8A0003DC8F3 /* A5Gallery.app */,
			);
			name = Products;
			sourceTree = "<group>";
		};
		D987E113206CB8A0003DC8F3 /* A5Gallery */ = {
			isa = PBXGroup;
			children = (
				D987E126206CB916003DC8F3 /* Supporting Files */,
				D987E118206CB8A0003DC8F3 /* Main.storyboard */,
				D9CDA11820C8491E00E803DA /* GalleryDocumentTableViewController.swift */,
				D9F6EC9720B9F03600047ABD /* GalleryDocumentTableViewCell.swift */,
				D966A8A720C854AA00006329 /* GalleryImageCollectionViewController.swift */,
				D987E12F206CFB61003DC8F3 /* GalleryImageCollectionViewCell.swift */,
				D987E129206CCE08003DC8F3 /* GalleryImageViewController.swift */,
				D987E127206CC34C003DC8F3 /* Gallery.swift */,
				D987E12B206CCF69003DC8F3 /* Utilities.swift */,
				D987E11B206CB8A0003DC8F3 /* Assets.xcassets */,
				D987E120206CB8A0003DC8F3 /* Info.plist */,
			);
			path = A5Gallery;
			sourceTree = "<group>";
		};
		D987E126206CB916003DC8F3 /* Supporting Files */ = {
			isa = PBXGroup;
			children = (
				D987E114206CB8A0003DC8F3 /* AppDelegate.swift */,
				D987E11D206CB8A0003DC8F3 /* LaunchScreen.storyboard */,
			);
			path = "Supporting Files";
			sourceTree = "<group>";
		};
/* End PBXGroup section */

/* Begin PBXNativeTarget section */
		D987E110206CB8A0003DC8F3 /* A5Gallery */ = {
			isa = PBXNativeTarget;
			buildConfigurationList = D987E123206CB8A0003DC8F3 /* Build configuration list for PBXNativeTarget "A5Gallery" */;
			buildPhases = (
				D987E10D206CB8A0003DC8F3 /* Sources */,
				D987E10E206CB8A0003DC8F3 /* Frameworks */,
				D987E10F206CB8A0003DC8F3 /* Resources */,
			);
			buildRules = (
			);
			dependencies = (
			);
			name = A5Gallery;
			productName = A5Gallery;
			productReference = D987E111206CB8A0003DC8F3 /* A5Gallery.app */;
			productType = "com.apple.product-type.application";
		};
/* End PBXNativeTarget section */

/* Begin PBXProject section */
		D987E109206CB8A0003DC8F3 /* Project object */ = {
			isa = PBXProject;
			attributes = {
				LastSwiftUpdateCheck = 0920;
				LastUpgradeCheck = 0920;
				ORGANIZATIONNAME = "Yuske Fukuyama";
				TargetAttributes = {
					D987E110206CB8A0003DC8F3 = {
						CreatedOnToolsVersion = 9.2;
						ProvisioningStyle = Automatic;
					};
				};
			};
			buildConfigurationList = D987E10C206CB8A0003DC8F3 /* Build configuration list for PBXProject "A5Gallery" */;
			compatibilityVersion = "Xcode 8.0";
			developmentRegion = en;
			hasScannedForEncodings = 0;
			knownRegions = (
				en,
				Base,
			);
			mainGroup = D987E108206CB8A0003DC8F3;
			productRefGroup = D987E112206CB8A0003DC8F3 /* Products */;
			projectDirPath = "";
			projectRoot = "";
			targets = (
				D987E110206CB8A0003DC8F3 /* A5Gallery */,
			);
		};
/* End PBXProject section */

/* Begin PBXResourcesBuildPhase section */
		D987E10F206CB8A0003DC8F3 /* Resources */ = {
			isa = PBXResourcesBuildPhase;
			buildActionMask = 2147483647;
			files = (
				D987E11F206CB8A0003DC8F3 /* LaunchScreen.storyboard in Resources */,
				D987E11C206CB8A0003DC8F3 /* Assets.xcassets in Resources */,
				D987E11A206CB8A0003DC8F3 /* Main.storyboard in Resources */,
			);
			runOnlyForDeploymentPostprocessing = 0;
		};
/* End PBXResourcesBuildPhase section */

/* Begin PBXSourcesBuildPhase section */
		D987E10D206CB8A0003DC8F3 /* Sources */ = {
			isa = PBXSourcesBuildPhase;
			buildActionMask = 2147483647;
			files = (
				D987E128206CC34C003DC8F3 /* Gallery.swift in Sources */,
				D987E115206CB8A0003DC8F3 /* AppDelegate.swift in Sources */,
				D9F6EC9820B9F03600047ABD /* GalleryDocumentTableViewCell.swift in Sources */,
				D966A8A820C854AA00006329 /* GalleryImageCollectionViewController.swift in Sources */,
				D9CDA11920C8491E00E803DA /* GalleryDocumentTableViewController.swift in Sources */,
				D987E12C206CCF69003DC8F3 /* Utilities.swift in Sources */,
				D987E12A206CCE08003DC8F3 /* GalleryImageViewController.swift in Sources */,
				D987E130206CFB61003DC8F3 /* GalleryImageCollectionViewCell.swift in Sources */,
			);
			runOnlyForDeploymentPostprocessing = 0;
		};
/* End PBXSourcesBuildPhase section */

/* Begin PBXVariantGroup section */
		D987E118206CB8A0003DC8F3 /* Main.storyboard */ = {
			isa = PBXVariantGroup;
			children = (
				D987E119206CB8A0003DC8F3 /* Base */,
			);
			name = Main.storyboard;
			sourceTree = "<group>";
		};
		D987E11D206CB8A0003DC8F3 /* LaunchScreen.storyboard */ = {
			isa = PBXVariantGroup;
			children = (
				D987E11E206CB8A0003DC8F3 /* Base */,
			);
			name = LaunchScreen.storyboard;
			sourceTree = "<group>";
		};
/* End PBXVariantGroup section */

/* Begin XCBuildConfiguration section */
		D987E121206CB8A0003DC8F3 /* Debug */ = {
			isa = XCBuildConfiguration;
			buildSettings = {
				ALWAYS_SEARCH_USER_PATHS = NO;
				CLANG_ANALYZER_NONNULL = YES;
				CLANG_ANALYZER_NUMBER_OBJECT_CONVERSION = YES_AGGRESSIVE;
				CLANG_CXX_LANGUAGE_STANDARD = "gnu++14";
				CLANG_CXX_LIBRARY = "libc++";
				CLANG_ENABLE_MODULES = YES;
				CLANG_ENABLE_OBJC_ARC = YES;
				CLANG_WARN_BLOCK_CAPTURE_AUTORELEASING = YES;
				CLANG_WARN_BOOL_CONVERSION = YES;
				CLANG_WARN_COMMA = YES;
				CLANG_WARN_CONSTANT_CONVERSION = YES;
				CLANG_WARN_DIRECT_OBJC_ISA_USAGE = YES_ERROR;
				CLANG_WARN_DOCUMENTATION_COMMENTS = YES;
				CLANG_WARN_EMPTY_BODY = YES;
				CLANG_WARN_ENUM_CONVERSION = YES;
				CLANG_WARN_INFINITE_RECURSION = YES;
				CLANG_WARN_INT_CONVERSION = YES;
				CLANG_WARN_NON_LITERAL_NULL_CONVERSION = YES;
				CLANG_WARN_OBJC_LITERAL_CONVERSION = YES;
				CLANG_WARN_OBJC_ROOT_CLASS = YES_ERROR;
				CLANG_WARN_RANGE_LOOP_ANALYSIS = YES;
				CLANG_WARN_STRICT_PROTOTYPES = YES;
				CLANG_WARN_SUSPICIOUS_MOVE = YES;
				CLANG_WARN_UNGUARDED_AVAILABILITY = YES_AGGRESSIVE;
				CLANG_WARN_UNREACHABLE_CODE = YES;
				CLANG_WARN__DUPLICATE_METHOD_MATCH = YES;
				CODE_SIGN_IDENTITY = "iPhone Developer";
				COPY_PHASE_STRIP = NO;
				DEBUG_INFORMATION_FORMAT = dwarf;
				ENABLE_STRICT_OBJC_MSGSEND = YES;
				ENABLE_TESTABILITY = YES;
				GCC_C_LANGUAGE_STANDARD = gnu11;
				GCC_DYNAMIC_NO_PIC = NO;
				GCC_NO_COMMON_BLOCKS = YES;
				GCC_OPTIMIZATION_LEVEL = 0;
				GCC_PREPROCESSOR_DEFINITIONS = (
					"DEBUG=1",
					"$(inherited)",
				);
				GCC_WARN_64_TO_32_BIT_CONVERSION = YES;
				GCC_WARN_ABOUT_RETURN_TYPE = YES_ERROR;
				GCC_WARN_UNDECLARED_SELECTOR = YES;
				GCC_WARN_UNINITIALIZED_AUTOS = YES_AGGRESSIVE;
				GCC_WARN_UNUSED_FUNCTION = YES;
				GCC_WARN_UNUSED_VARIABLE = YES;
				IPHONEOS_DEPLOYMENT_TARGET = 11.2;
				MTL_ENABLE_DEBUG_INFO = YES;
				ONLY_ACTIVE_ARCH = YES;
				SDKROOT = iphoneos;
				SWIFT_ACTIVE_COMPILATION_CONDITIONS = DEBUG;
				SWIFT_OPTIMIZATION_LEVEL = "-Onone";
			};
			name = Debug;
		};
		D987E122206CB8A0003DC8F3 /* Release */ = {
			isa = XCBuildConfiguration;
			buildSettings = {
				ALWAYS_SEARCH_USER_PATHS = NO;
				CLANG_ANALYZER_NONNULL = YES;
				CLANG_ANALYZER_NUMBER_OBJECT_CONVERSION = YES_AGGRESSIVE;
				CLANG_CXX_LANGUAGE_STANDARD = "gnu++14";
				CLANG_CXX_LIBRARY = "libc++";
				CLANG_ENABLE_MODULES = YES;
				CLANG_ENABLE_OBJC_ARC = YES;
				CLANG_WARN_BLOCK_CAPTURE_AUTORELEASING = YES;
				CLANG_WARN_BOOL_CONVERSION = YES;
				CLANG_WARN_COMMA = YES;
				CLANG_WARN_CONSTANT_CONVERSION = YES;
				CLANG_WARN_DIRECT_OBJC_ISA_USAGE = YES_ERROR;
				CLANG_WARN_DOCUMENTATION_COMMENTS = YES;
				CLANG_WARN_EMPTY_BODY = YES;
				CLANG_WARN_ENUM_CONVERSION = YES;
				CLANG_WARN_INFINITE_RECURSION = YES;
				CLANG_WARN_INT_CONVERSION = YES;
				CLANG_WARN_NON_LITERAL_NULL_CONVERSION = YES;
				CLANG_WARN_OBJC_LITERAL_CONVERSION = YES;
				CLANG_WARN_OBJC_ROOT_CLASS = YES_ERROR;
				CLANG_WARN_RANGE_LOOP_ANALYSIS = YES;
				CLANG_WARN_STRICT_PROTOTYPES = YES;
				CLANG_WARN_SUSPICIOUS_MOVE = YES;
				CLANG_WARN_UNGUARDED_AVAILABILITY = YES_AGGRESSIVE;
				CLANG_WARN_UNREACHABLE_CODE = YES;
				CLANG_WARN__DUPLICATE_METHOD_MATCH = YES;
				CODE_SIGN_IDENTITY = "iPhone Developer";
				COPY_PHASE_STRIP = NO;
				DEBUG_INFORMATION_FORMAT = "dwarf-with-dsym";
				ENABLE_NS_ASSERTIONS = NO;
				ENABLE_STRICT_OBJC_MSGSEND = YES;
				GCC_C_LANGUAGE_STANDARD = gnu11;
				GCC_NO_COMMON_BLOCKS = YES;
				GCC_WARN_64_TO_32_BIT_CONVERSION = YES;
				GCC_WARN_ABOUT_RETURN_TYPE = YES_ERROR;
				GCC_WARN_UNDECLARED_SELECTOR = YES;
				GCC_WARN_UNINITIALIZED_AUTOS = YES_AGGRESSIVE;
				GCC_WARN_UNUSED_FUNCTION = YES;
				GCC_WARN_UNUSED_VARIABLE = YES;
				IPHONEOS_DEPLOYMENT_TARGET = 11.2;
				MTL_ENABLE_DEBUG_INFO = NO;
				SDKROOT = iphoneos;
				SWIFT_OPTIMIZATION_LEVEL = "-Owholemodule";
				VALIDATE_PRODUCT = YES;
			};
			name = Release;
		};
		D987E124206CB8A0003DC8F3 /* Debug */ = {
			isa = XCBuildConfiguration;
			buildSettings = {
				ASSETCATALOG_COMPILER_APPICON_NAME = AppIcon;
				CODE_SIGN_STYLE = Automatic;
				INFOPLIST_FILE = A5Gallery/Info.plist;
				LD_RUNPATH_SEARCH_PATHS = "$(inherited) @executable_path/Frameworks";
				PRODUCT_BUNDLE_IDENTIFIER = fkymy.A5Gallery;
				PRODUCT_NAME = "$(TARGET_NAME)";
				SWIFT_VERSION = 4.0;
				TARGETED_DEVICE_FAMILY = "1,2";
			};
			name = Debug;
		};
		D987E125206CB8A0003DC8F3 /* Release */ = {
			isa = XCBuildConfiguration;
			buildSettings = {
				ASSETCATALOG_COMPILER_APPICON_NAME = AppIcon;
				CODE_SIGN_STYLE = Automatic;
				INFOPLIST_FILE = A5Gallery/Info.plist;
				LD_RUNPATH_SEARCH_PATHS = "$(inherited) @executable_path/Frameworks";
				PRODUCT_BUNDLE_IDENTIFIER = fkymy.A5Gallery;
				PRODUCT_NAME = "$(TARGET_NAME)";
				SWIFT_VERSION = 4.0;
				TARGETED_DEVICE_FAMILY = "1,2";
			};
			name = Release;
		};
/* End XCBuildConfiguration section */

/* Begin XCConfigurationList section */
		D987E10C206CB8A0003DC8F3 /* Build configuration list for PBXProject "A5Gallery" */ = {
			isa = XCConfigurationList;
			buildConfigurations = (
				D987E121206CB8A0003DC8F3 /* Debug */,
				D987E122206CB8A0003DC8F3 /* Release */,
			);
			defaultConfigurationIsVisible = 0;
			defaultConfigurationName = Release;
		};
		D987E123206CB8A0003DC8F3 /* Build configuration list for PBXNativeTarget "A5Gallery" */ = {
			isa = XCConfigurationList;
			buildConfigurations = (
				D987E124206CB8A0003DC8F3 /* Debug */,
				D987E125206CB8A0003DC8F3 /* Release */,
			);
			defaultConfigurationIsVisible = 0;
			defaultConfigurationName = Release;
		};
/* End XCConfigurationList section */
	};
	rootObject = D987E109206CB8A0003DC8F3 /* Project object */;
}
